
Microsoft Visual Studio Solution File, Format Version 12.00
# Visual Studio Version 16
VisualStudioVersion = 16.6.30114.105
MinimumVisualStudioVersion = 10.0.40219.1
Project("{FAE04EC0-301F-11D3-BF4B-00C04F79EFBC}") = "Frontend", "Frontend\Frontend.csproj", "{CF1AFA75-90A2-4EC5-B633-AE4AB026C554}"
EndProject
Project("{FAE04EC0-301F-11D3-BF4B-00C04F79EFBC}") = "Animes", "Animes\Animes.csproj", "{C57F657D-8115-46D1-823B-EABFFCA48896}"
EndProject
Project("{FAE04EC0-301F-11D3-BF4B-00C04F79EFBC}") = "Mangas", "Mangas\Mangas.csproj", "{DDD4A416-9803-4328-BC9C-54C32BB47824}"
EndProject
Project("{FAE04EC0-301F-11D3-BF4B-00C04F79EFBC}") = "Merge", "Merge\Merge.csproj", "{0B087DD1-FAB9-462B-B608-99EE85196871}"
EndProject
Global
	GlobalSection(SolutionConfigurationPlatforms) = preSolution
		Debug|Any CPU = Debug|Any CPU
		Debug|x64 = Debug|x64
		Debug|x86 = Debug|x86
		Release|Any CPU = Release|Any CPU
		Release|x64 = Release|x64
		Release|x86 = Release|x86
	EndGlobalSection
	GlobalSection(SolutionProperties) = preSolution
		HideSolutionNode = FALSE
	EndGlobalSection
	GlobalSection(ProjectConfigurationPlatforms) = postSolution
		{CF1AFA75-90A2-4EC5-B633-AE4AB026C554}.Debug|Any CPU.ActiveCfg = Debug|Any CPU
		{CF1AFA75-90A2-4EC5-B633-AE4AB026C554}.Debug|Any CPU.Build.0 = Debug|Any CPU
		{CF1AFA75-90A2-4EC5-B633-AE4AB026C554}.Debug|x64.ActiveCfg = Debug|Any CPU
		{CF1AFA75-90A2-4EC5-B633-AE4AB026C554}.Debug|x64.Build.0 = Debug|Any CPU
		{CF1AFA75-90A2-4EC5-B633-AE4AB026C554}.Debug|x86.ActiveCfg = Debug|Any CPU
		{CF1AFA75-90A2-4EC5-B633-AE4AB026C554}.Debug|x86.Build.0 = Debug|Any CPU
		{CF1AFA75-90A2-4EC5-B633-AE4AB026C554}.Release|Any CPU.ActiveCfg = Release|Any CPU
		{CF1AFA75-90A2-4EC5-B633-AE4AB026C554}.Release|Any CPU.Build.0 = Release|Any CPU
		{CF1AFA75-90A2-4EC5-B633-AE4AB026C554}.Release|x64.ActiveCfg = Release|Any CPU
		{CF1AFA75-90A2-4EC5-B633-AE4AB026C554}.Release|x64.Build.0 = Release|Any CPU
		{CF1AFA75-90A2-4EC5-B633-AE4AB026C554}.Release|x86.ActiveCfg = Release|Any CPU
		{CF1AFA75-90A2-4EC5-B633-AE4AB026C554}.Release|x86.Build.0 = Release|Any CPU
		{C57F657D-8115-46D1-823B-EABFFCA48896}.Debug|Any CPU.ActiveCfg = Debug|Any CPU
		{C57F657D-8115-46D1-823B-EABFFCA48896}.Debug|Any CPU.Build.0 = Debug|Any CPU
		{C57F657D-8115-46D1-823B-EABFFCA48896}.Debug|x64.ActiveCfg = Debug|Any CPU
		{C57F657D-8115-46D1-823B-EABFFCA48896}.Debug|x64.Build.0 = Debug|Any CPU
		{C57F657D-8115-46D1-823B-EABFFCA48896}.Debug|x86.ActiveCfg = Debug|Any CPU
		{C57F657D-8115-46D1-823B-EABFFCA48896}.Debug|x86.Build.0 = Debug|Any CPU
		{C57F657D-8115-46D1-823B-EABFFCA48896}.Release|Any CPU.ActiveCfg = Release|Any CPU
		{C57F657D-8115-46D1-823B-EABFFCA48896}.Release|Any CPU.Build.0 = Release|Any CPU
		{C57F657D-8115-46D1-823B-EABFFCA48896}.Release|x64.ActiveCfg = Release|Any CPU
		{C57F657D-8115-46D1-823B-EABFFCA48896}.Release|x64.Build.0 = Release|Any CPU
		{C57F657D-8115-46D1-823B-EABFFCA48896}.Release|x86.ActiveCfg = Release|Any CPU
		{C57F657D-8115-46D1-823B-EABFFCA48896}.Release|x86.Build.0 = Release|Any CPU
		{DDD4A416-9803-4328-BC9C-54C32BB47824}.Debug|Any CPU.ActiveCfg = Debug|Any CPU
		{DDD4A416-9803-4328-BC9C-54C32BB47824}.Debug|Any CPU.Build.0 = Debug|Any CPU
		{DDD4A416-9803-4328-BC9C-54C32BB47824}.Debug|x64.ActiveCfg = Debug|Any CPU
		{DDD4A416-9803-4328-BC9C-54C32BB47824}.Debug|x64.Build.0 = Debug|Any CPU
		{DDD4A416-9803-4328-BC9C-54C32BB47824}.Debug|x86.ActiveCfg = Debug|Any CPU
		{DDD4A416-9803-4328-BC9C-54C32BB47824}.Debug|x86.Build.0 = Debug|Any CPU
		{DDD4A416-9803-4328-BC9C-54C32BB47824}.Release|Any CPU.ActiveCfg = Release|Any CPU
		{DDD4A416-9803-4328-BC9C-54C32BB47824}.Release|Any CPU.Build.0 = Release|Any CPU
		{DDD4A416-9803-4328-BC9C-54C32BB47824}.Release|x64.ActiveCfg = Release|Any CPU
		{DDD4A416-9803-4328-BC9C-54C32BB47824}.Release|x64.Build.0 = Release|Any CPU
		{DDD4A416-9803-4328-BC9C-54C32BB47824}.Release|x86.ActiveCfg = Release|Any CPU
		{DDD4A416-9803-4328-BC9C-54C32BB47824}.Release|x86.Build.0 = Release|Any CPU
		{0B087DD1-FAB9-462B-B608-99EE85196871}.Debug|Any CPU.ActiveCfg = Debug|Any CPU
		{0B087DD1-FAB9-462B-B608-99EE85196871}.Debug|Any CPU.Build.0 = Debug|Any CPU
		{0B087DD1-FAB9-462B-B608-99EE85196871}.Debug|x64.ActiveCfg = Debug|Any CPU
		{0B087DD1-FAB9-462B-B608-99EE85196871}.Debug|x64.Build.0 = Debug|Any CPU
		{0B087DD1-FAB9-462B-B608-99EE85196871}.Debug|x86.ActiveCfg = Debug|Any CPU
		{0B087DD1-FAB9-462B-B608-99EE85196871}.Debug|x86.Build.0 = Debug|Any CPU
		{0B087DD1-FAB9-462B-B608-99EE85196871}.Release|Any CPU.ActiveCfg = Release|Any CPU
		{0B087DD1-FAB9-462B-B608-99EE85196871}.Release|Any CPU.Build.0 = Release|Any CPU
		{0B087DD1-FAB9-462B-B608-99EE85196871}.Release|x64.ActiveCfg = Release|Any CPU
		{0B087DD1-FAB9-462B-B608-99EE85196871}.Release|x64.Build.0 = Release|Any CPU
		{0B087DD1-FAB9-462B-B608-99EE85196871}.Release|x86.ActiveCfg = Release|Any CPU
		{0B087DD1-FAB9-462B-B608-99EE85196871}.Release|x86.Build.0 = Release|Any CPU
	EndGlobalSection
EndGlobal
